// !$*UTF8*$!
{
	archiveVersion = 1;
	classes = {
	};
	objectVersion = 56;
	objects = {

/* Begin PBXBuildFile section */
		9133C68C2C15B28D00AE8F4A /* LaunchScreen.storyboard in Resources */ = {isa = PBXBuildFile; fileRef = 9133C68A2C15B28D00AE8F4A /* LaunchScreen.storyboard */; };
		9133C6D42C15B63800AE8F4A /* ErrorResponse.swift in Sources */ = {isa = PBXBuildFile; fileRef = 9133C6972C15B63800AE8F4A /* ErrorResponse.swift */; };
		9133C6D62C15B63800AE8F4A /* Assets.xcassets in Resources */ = {isa = PBXBuildFile; fileRef = 9133C69B2C15B63800AE8F4A /* Assets.xcassets */; };
		9133C6D72C15B63800AE8F4A /* NunitoSans-Regular.ttf in Resources */ = {isa = PBXBuildFile; fileRef = 9133C69D2C15B63800AE8F4A /* NunitoSans-Regular.ttf */; };
		9133C6D82C15B63800AE8F4A /* NunitoSans-Bold.ttf in Resources */ = {isa = PBXBuildFile; fileRef = 9133C69E2C15B63800AE8F4A /* NunitoSans-Bold.ttf */; };
		9133C6D92C15B63800AE8F4A /* NunitoSans-SemiBold.ttf in Resources */ = {isa = PBXBuildFile; fileRef = 9133C69F2C15B63800AE8F4A /* NunitoSans-SemiBold.ttf */; };
		9133C6DA2C15B63800AE8F4A /* UIColor+Extension.swift in Sources */ = {isa = PBXBuildFile; fileRef = 9133C6A12C15B63800AE8F4A /* UIColor+Extension.swift */; };
		9133C6DB2C15B63800AE8F4A /* UIView+Extension.swift in Sources */ = {isa = PBXBuildFile; fileRef = 9133C6A22C15B63800AE8F4A /* UIView+Extension.swift */; };
		9133C6DC2C15B63800AE8F4A /* UINavigationController+Extension.swift in Sources */ = {isa = PBXBuildFile; fileRef = 9133C6A32C15B63800AE8F4A /* UINavigationController+Extension.swift */; };
		9133C6DE2C15B63800AE8F4A /* ViewController+Extension.swift in Sources */ = {isa = PBXBuildFile; fileRef = 9133C6A52C15B63800AE8F4A /* ViewController+Extension.swift */; };
		9133C6DF2C15B63800AE8F4A /* LoadingModal.swift in Sources */ = {isa = PBXBuildFile; fileRef = 9133C6A82C15B63800AE8F4A /* LoadingModal.swift */; };
		9133C6E02C15B63800AE8F4A /* Spinner.swift in Sources */ = {isa = PBXBuildFile; fileRef = 9133C6A92C15B63800AE8F4A /* Spinner.swift */; };
		9133C6E12C15B63800AE8F4A /* LoadingModal.xib in Resources */ = {isa = PBXBuildFile; fileRef = 9133C6AA2C15B63800AE8F4A /* LoadingModal.xib */; };
		9133C6E32C15B63800AE8F4A /* SearchInputView.swift in Sources */ = {isa = PBXBuildFile; fileRef = 9133C6AD2C15B63800AE8F4A /* SearchInputView.swift */; };
		9133C6E42C15B63800AE8F4A /* AppLabel.swift in Sources */ = {isa = PBXBuildFile; fileRef = 9133C6AF2C15B63800AE8F4A /* AppLabel.swift */; };
		9133C6E52C15B63800AE8F4A /* Slider.swift in Sources */ = {isa = PBXBuildFile; fileRef = 9133C6B12C15B63800AE8F4A /* Slider.swift */; };
		9133C6E62C15B63800AE8F4A /* ListView.swift in Sources */ = {isa = PBXBuildFile; fileRef = 9133C6B32C15B63800AE8F4A /* ListView.swift */; };
		9133C6E72C15B63800AE8F4A /* DynamicTableViewCell.swift in Sources */ = {isa = PBXBuildFile; fileRef = 9133C6B42C15B63800AE8F4A /* DynamicTableViewCell.swift */; };
		9133C6E82C15B63800AE8F4A /* ListViewModel.swift in Sources */ = {isa = PBXBuildFile; fileRef = 9133C6B52C15B63800AE8F4A /* ListViewModel.swift */; };
		9133C6E92C15B63800AE8F4A /* PrimaryButton.swift in Sources */ = {isa = PBXBuildFile; fileRef = 9133C6B72C15B63800AE8F4A /* PrimaryButton.swift */; };
		9133C6ED2C15B63800AE8F4A /* BaseXib.swift in Sources */ = {isa = PBXBuildFile; fileRef = 9133C6BC2C15B63800AE8F4A /* BaseXib.swift */; };
		9133C6EE2C15B63800AE8F4A /* ImageDescriptionView.swift in Sources */ = {isa = PBXBuildFile; fileRef = 9133C6BE2C15B63800AE8F4A /* ImageDescriptionView.swift */; };
		9133C6EF2C15B63800AE8F4A /* ImageDescriptionView.xib in Resources */ = {isa = PBXBuildFile; fileRef = 9133C6BF2C15B63800AE8F4A /* ImageDescriptionView.xib */; };
		9133C6F02C15B63800AE8F4A /* ImageDescriptionViewModel.swift in Sources */ = {isa = PBXBuildFile; fileRef = 9133C6C02C15B63800AE8F4A /* ImageDescriptionViewModel.swift */; };
		9133C6F12C15B63800AE8F4A /* ProfileCardView.swift in Sources */ = {isa = PBXBuildFile; fileRef = 9133C6C22C15B63800AE8F4A /* ProfileCardView.swift */; };
		9133C6F32C15B63800AE8F4A /* ProfileCardView.xib in Resources */ = {isa = PBXBuildFile; fileRef = 9133C6C42C15B63800AE8F4A /* ProfileCardView.xib */; };
		9133C6F42C15B63800AE8F4A /* ProfileCardViewModel.swift in Sources */ = {isa = PBXBuildFile; fileRef = 9133C6C52C15B63800AE8F4A /* ProfileCardViewModel.swift */; };
		9133C6F52C15B63800AE8F4A /* Fonts.swift in Sources */ = {isa = PBXBuildFile; fileRef = 9133C6C62C15B63800AE8F4A /* Fonts.swift */; };
		9133C6F62C15B63800AE8F4A /* Images.swift in Sources */ = {isa = PBXBuildFile; fileRef = 9133C6C72C15B63800AE8F4A /* Images.swift */; };
		9133C6F72C15B63800AE8F4A /* Coordinator.swift in Sources */ = {isa = PBXBuildFile; fileRef = 9133C6C82C15B63800AE8F4A /* Coordinator.swift */; };
		9133C6FC2C15B63800AE8F4A /* HTTPClient.swift in Sources */ = {isa = PBXBuildFile; fileRef = 9133C6D12C15B63800AE8F4A /* HTTPClient.swift */; };
		9133C7052C15B6FA00AE8F4A /* UserDefault.swift in Sources */ = {isa = PBXBuildFile; fileRef = 9133C6FF2C15B6FA00AE8F4A /* UserDefault.swift */; };
		9133C7062C15B6FA00AE8F4A /* AppCoordinator.swift in Sources */ = {isa = PBXBuildFile; fileRef = 9133C7002C15B6FA00AE8F4A /* AppCoordinator.swift */; };
		9133C7072C15B6FA00AE8F4A /* BaseViewController.swift in Sources */ = {isa = PBXBuildFile; fileRef = 9133C7012C15B6FA00AE8F4A /* BaseViewController.swift */; };
		9133C7082C15B6FA00AE8F4A /* AppStorage.swift in Sources */ = {isa = PBXBuildFile; fileRef = 9133C7022C15B6FA00AE8F4A /* AppStorage.swift */; };
		9133C7092C15B6FA00AE8F4A /* AppDelegate.swift in Sources */ = {isa = PBXBuildFile; fileRef = 9133C7032C15B6FA00AE8F4A /* AppDelegate.swift */; };
		9133C70A2C15B6FA00AE8F4A /* BaseNavigationController.swift in Sources */ = {isa = PBXBuildFile; fileRef = 9133C7042C15B6FA00AE8F4A /* BaseNavigationController.swift */; };
		9133C7182C15B7E600AE8F4A /* WelcomeViewController.swift in Sources */ = {isa = PBXBuildFile; fileRef = 9133C70D2C15B7E600AE8F4A /* WelcomeViewController.swift */; };
		9133C7192C15B7E600AE8F4A /* WelcomeView.xib in Resources */ = {isa = PBXBuildFile; fileRef = 9133C70E2C15B7E600AE8F4A /* WelcomeView.xib */; };
		9133C71A2C15B7E600AE8F4A /* TasksExploreViewController.swift in Sources */ = {isa = PBXBuildFile; fileRef = 9133C7112C15B7E600AE8F4A /* TasksExploreViewController.swift */; };
		9133C71B2C15B7E600AE8F4A /* TasksExploreView.xib in Resources */ = {isa = PBXBuildFile; fileRef = 9133C7122C15B7E600AE8F4A /* TasksExploreView.xib */; };
		9133C71E2C15B7E600AE8F4A /* TasksExploreViewModel.swift in Sources */ = {isa = PBXBuildFile; fileRef = 9133C7162C15B7E600AE8F4A /* TasksExploreViewModel.swift */; };
		9133C7222C15BCF900AE8F4A /* BauBuddyService.swift in Sources */ = {isa = PBXBuildFile; fileRef = 9133C7212C15BCF900AE8F4A /* BauBuddyService.swift */; };
		9133C7242C15BD4A00AE8F4A /* LoginResponse.swift in Sources */ = {isa = PBXBuildFile; fileRef = 9133C7232C15BD4A00AE8F4A /* LoginResponse.swift */; };
		9133C7262C15BDEA00AE8F4A /* TaskResponse.swift in Sources */ = {isa = PBXBuildFile; fileRef = 9133C7252C15BDEA00AE8F4A /* TaskResponse.swift */; };
		9133C7282C15BF8400AE8F4A /* BauBuddyServiceImpl.swift in Sources */ = {isa = PBXBuildFile; fileRef = 9133C7272C15BF8400AE8F4A /* BauBuddyServiceImpl.swift */; };
		9133C72A2C15C1BE00AE8F4A /* WelcomeViewModel.swift in Sources */ = {isa = PBXBuildFile; fileRef = 9133C7292C15C1BE00AE8F4A /* WelcomeViewModel.swift */; };
		9133C72D2C15C5FA00AE8F4A /* LoginRequest.swift in Sources */ = {isa = PBXBuildFile; fileRef = 9133C72C2C15C5FA00AE8F4A /* LoginRequest.swift */; };
		9133C7312C16055500AE8F4A /* ScannerViewController.swift in Sources */ = {isa = PBXBuildFile; fileRef = 9133C72F2C16055500AE8F4A /* ScannerViewController.swift */; };
		9133C7322C16055500AE8F4A /* ScannerView.xib in Resources */ = {isa = PBXBuildFile; fileRef = 9133C7302C16055500AE8F4A /* ScannerView.xib */; };
		9133C7352C16090000AE8F4A /* QrScanner.swift in Sources */ = {isa = PBXBuildFile; fileRef = 9133C7342C16090000AE8F4A /* QrScanner.swift */; };
		9133C7372C16103700AE8F4A /* QrScanner.xib in Resources */ = {isa = PBXBuildFile; fileRef = 9133C7362C16103700AE8F4A /* QrScanner.xib */; };
/* End PBXBuildFile section */

/* Begin PBXFileReference section */
		9133C67C2C15B28800AE8F4A /* VEROTask.app */ = {isa = PBXFileReference; explicitFileType = wrapper.application; includeInIndex = 0; path = VEROTask.app; sourceTree = BUILT_PRODUCTS_DIR; };
		9133C68B2C15B28D00AE8F4A /* Base */ = {isa = PBXFileReference; lastKnownFileType = file.storyboard; name = Base; path = Base.lproj/LaunchScreen.storyboard; sourceTree = "<group>"; };
		9133C68D2C15B28D00AE8F4A /* Info.plist */ = {isa = PBXFileReference; lastKnownFileType = text.plist.xml; path = Info.plist; sourceTree = "<group>"; };
		9133C6972C15B63800AE8F4A /* ErrorResponse.swift */ = {isa = PBXFileReference; fileEncoding = 4; lastKnownFileType = sourcecode.swift; path = ErrorResponse.swift; sourceTree = "<group>"; };
		9133C69B2C15B63800AE8F4A /* Assets.xcassets */ = {isa = PBXFileReference; lastKnownFileType = folder.assetcatalog; path = Assets.xcassets; sourceTree = "<group>"; };
		9133C69D2C15B63800AE8F4A /* NunitoSans-Regular.ttf */ = {isa = PBXFileReference; lastKnownFileType = file; path = "NunitoSans-Regular.ttf"; sourceTree = "<group>"; };
		9133C69E2C15B63800AE8F4A /* NunitoSans-Bold.ttf */ = {isa = PBXFileReference; lastKnownFileType = file; path = "NunitoSans-Bold.ttf"; sourceTree = "<group>"; };
		9133C69F2C15B63800AE8F4A /* NunitoSans-SemiBold.ttf */ = {isa = PBXFileReference; lastKnownFileType = file; path = "NunitoSans-SemiBold.ttf"; sourceTree = "<group>"; };
		9133C6A12C15B63800AE8F4A /* UIColor+Extension.swift */ = {isa = PBXFileReference; fileEncoding = 4; lastKnownFileType = sourcecode.swift; path = "UIColor+Extension.swift"; sourceTree = "<group>"; };
		9133C6A22C15B63800AE8F4A /* UIView+Extension.swift */ = {isa = PBXFileReference; fileEncoding = 4; lastKnownFileType = sourcecode.swift; path = "UIView+Extension.swift"; sourceTree = "<group>"; };
		9133C6A32C15B63800AE8F4A /* UINavigationController+Extension.swift */ = {isa = PBXFileReference; fileEncoding = 4; lastKnownFileType = sourcecode.swift; path = "UINavigationController+Extension.swift"; sourceTree = "<group>"; };
		9133C6A52C15B63800AE8F4A /* ViewController+Extension.swift */ = {isa = PBXFileReference; fileEncoding = 4; lastKnownFileType = sourcecode.swift; path = "ViewController+Extension.swift"; sourceTree = "<group>"; };
		9133C6A82C15B63800AE8F4A /* LoadingModal.swift */ = {isa = PBXFileReference; fileEncoding = 4; lastKnownFileType = sourcecode.swift; path = LoadingModal.swift; sourceTree = "<group>"; };
		9133C6A92C15B63800AE8F4A /* Spinner.swift */ = {isa = PBXFileReference; fileEncoding = 4; lastKnownFileType = sourcecode.swift; path = Spinner.swift; sourceTree = "<group>"; };
		9133C6AA2C15B63800AE8F4A /* LoadingModal.xib */ = {isa = PBXFileReference; fileEncoding = 4; lastKnownFileType = file.xib; path = LoadingModal.xib; sourceTree = "<group>"; };
		9133C6AD2C15B63800AE8F4A /* SearchInputView.swift */ = {isa = PBXFileReference; fileEncoding = 4; lastKnownFileType = sourcecode.swift; path = SearchInputView.swift; sourceTree = "<group>"; };
		9133C6AF2C15B63800AE8F4A /* AppLabel.swift */ = {isa = PBXFileReference; fileEncoding = 4; lastKnownFileType = sourcecode.swift; path = AppLabel.swift; sourceTree = "<group>"; };
		9133C6B12C15B63800AE8F4A /* Slider.swift */ = {isa = PBXFileReference; fileEncoding = 4; lastKnownFileType = sourcecode.swift; path = Slider.swift; sourceTree = "<group>"; };
		9133C6B32C15B63800AE8F4A /* ListView.swift */ = {isa = PBXFileReference; fileEncoding = 4; lastKnownFileType = sourcecode.swift; path = ListView.swift; sourceTree = "<group>"; };
		9133C6B42C15B63800AE8F4A /* DynamicTableViewCell.swift */ = {isa = PBXFileReference; fileEncoding = 4; lastKnownFileType = sourcecode.swift; path = DynamicTableViewCell.swift; sourceTree = "<group>"; };
		9133C6B52C15B63800AE8F4A /* ListViewModel.swift */ = {isa = PBXFileReference; fileEncoding = 4; lastKnownFileType = sourcecode.swift; path = ListViewModel.swift; sourceTree = "<group>"; };
		9133C6B72C15B63800AE8F4A /* PrimaryButton.swift */ = {isa = PBXFileReference; fileEncoding = 4; lastKnownFileType = sourcecode.swift; path = PrimaryButton.swift; sourceTree = "<group>"; };
		9133C6BC2C15B63800AE8F4A /* BaseXib.swift */ = {isa = PBXFileReference; fileEncoding = 4; lastKnownFileType = sourcecode.swift; path = BaseXib.swift; sourceTree = "<group>"; };
		9133C6BE2C15B63800AE8F4A /* ImageDescriptionView.swift */ = {isa = PBXFileReference; fileEncoding = 4; lastKnownFileType = sourcecode.swift; path = ImageDescriptionView.swift; sourceTree = "<group>"; };
		9133C6BF2C15B63800AE8F4A /* ImageDescriptionView.xib */ = {isa = PBXFileReference; fileEncoding = 4; lastKnownFileType = file.xib; path = ImageDescriptionView.xib; sourceTree = "<group>"; };
		9133C6C02C15B63800AE8F4A /* ImageDescriptionViewModel.swift */ = {isa = PBXFileReference; fileEncoding = 4; lastKnownFileType = sourcecode.swift; path = ImageDescriptionViewModel.swift; sourceTree = "<group>"; };
		9133C6C22C15B63800AE8F4A /* ProfileCardView.swift */ = {isa = PBXFileReference; fileEncoding = 4; lastKnownFileType = sourcecode.swift; path = ProfileCardView.swift; sourceTree = "<group>"; };
		9133C6C42C15B63800AE8F4A /* ProfileCardView.xib */ = {isa = PBXFileReference; fileEncoding = 4; lastKnownFileType = file.xib; path = ProfileCardView.xib; sourceTree = "<group>"; };
		9133C6C52C15B63800AE8F4A /* ProfileCardViewModel.swift */ = {isa = PBXFileReference; fileEncoding = 4; lastKnownFileType = sourcecode.swift; path = ProfileCardViewModel.swift; sourceTree = "<group>"; };
		9133C6C62C15B63800AE8F4A /* Fonts.swift */ = {isa = PBXFileReference; fileEncoding = 4; lastKnownFileType = sourcecode.swift; path = Fonts.swift; sourceTree = "<group>"; };
		9133C6C72C15B63800AE8F4A /* Images.swift */ = {isa = PBXFileReference; fileEncoding = 4; lastKnownFileType = sourcecode.swift; path = Images.swift; sourceTree = "<group>"; };
		9133C6C82C15B63800AE8F4A /* Coordinator.swift */ = {isa = PBXFileReference; fileEncoding = 4; lastKnownFileType = sourcecode.swift; path = Coordinator.swift; sourceTree = "<group>"; };
		9133C6D12C15B63800AE8F4A /* HTTPClient.swift */ = {isa = PBXFileReference; fileEncoding = 4; lastKnownFileType = sourcecode.swift; path = HTTPClient.swift; sourceTree = "<group>"; };
		9133C6FF2C15B6FA00AE8F4A /* UserDefault.swift */ = {isa = PBXFileReference; fileEncoding = 4; lastKnownFileType = sourcecode.swift; path = UserDefault.swift; sourceTree = "<group>"; };
		9133C7002C15B6FA00AE8F4A /* AppCoordinator.swift */ = {isa = PBXFileReference; fileEncoding = 4; lastKnownFileType = sourcecode.swift; path = AppCoordinator.swift; sourceTree = "<group>"; };
		9133C7012C15B6FA00AE8F4A /* BaseViewController.swift */ = {isa = PBXFileReference; fileEncoding = 4; lastKnownFileType = sourcecode.swift; path = BaseViewController.swift; sourceTree = "<group>"; };
		9133C7022C15B6FA00AE8F4A /* AppStorage.swift */ = {isa = PBXFileReference; fileEncoding = 4; lastKnownFileType = sourcecode.swift; path = AppStorage.swift; sourceTree = "<group>"; };
		9133C7032C15B6FA00AE8F4A /* AppDelegate.swift */ = {isa = PBXFileReference; fileEncoding = 4; lastKnownFileType = sourcecode.swift; path = AppDelegate.swift; sourceTree = "<group>"; };
		9133C7042C15B6FA00AE8F4A /* BaseNavigationController.swift */ = {isa = PBXFileReference; fileEncoding = 4; lastKnownFileType = sourcecode.swift; path = BaseNavigationController.swift; sourceTree = "<group>"; };
		9133C70D2C15B7E600AE8F4A /* WelcomeViewController.swift */ = {isa = PBXFileReference; fileEncoding = 4; lastKnownFileType = sourcecode.swift; path = WelcomeViewController.swift; sourceTree = "<group>"; };
		9133C70E2C15B7E600AE8F4A /* WelcomeView.xib */ = {isa = PBXFileReference; fileEncoding = 4; lastKnownFileType = file.xib; path = WelcomeView.xib; sourceTree = "<group>"; };
		9133C7112C15B7E600AE8F4A /* TasksExploreViewController.swift */ = {isa = PBXFileReference; fileEncoding = 4; lastKnownFileType = sourcecode.swift; path = TasksExploreViewController.swift; sourceTree = "<group>"; };
		9133C7122C15B7E600AE8F4A /* TasksExploreView.xib */ = {isa = PBXFileReference; fileEncoding = 4; lastKnownFileType = file.xib; path = TasksExploreView.xib; sourceTree = "<group>"; };
		9133C7162C15B7E600AE8F4A /* TasksExploreViewModel.swift */ = {isa = PBXFileReference; fileEncoding = 4; lastKnownFileType = sourcecode.swift; path = TasksExploreViewModel.swift; sourceTree = "<group>"; };
		9133C7212C15BCF900AE8F4A /* BauBuddyService.swift */ = {isa = PBXFileReference; lastKnownFileType = sourcecode.swift; path = BauBuddyService.swift; sourceTree = "<group>"; };
		9133C7232C15BD4A00AE8F4A /* LoginResponse.swift */ = {isa = PBXFileReference; lastKnownFileType = sourcecode.swift; path = LoginResponse.swift; sourceTree = "<group>"; };
		9133C7252C15BDEA00AE8F4A /* TaskResponse.swift */ = {isa = PBXFileReference; lastKnownFileType = sourcecode.swift; path = TaskResponse.swift; sourceTree = "<group>"; };
		9133C7272C15BF8400AE8F4A /* BauBuddyServiceImpl.swift */ = {isa = PBXFileReference; lastKnownFileType = sourcecode.swift; path = BauBuddyServiceImpl.swift; sourceTree = "<group>"; };
		9133C7292C15C1BE00AE8F4A /* WelcomeViewModel.swift */ = {isa = PBXFileReference; lastKnownFileType = sourcecode.swift; path = WelcomeViewModel.swift; sourceTree = "<group>"; };
		9133C72C2C15C5FA00AE8F4A /* LoginRequest.swift */ = {isa = PBXFileReference; lastKnownFileType = sourcecode.swift; path = LoginRequest.swift; sourceTree = "<group>"; };
		9133C72F2C16055500AE8F4A /* ScannerViewController.swift */ = {isa = PBXFileReference; lastKnownFileType = sourcecode.swift; path = ScannerViewController.swift; sourceTree = "<group>"; };
		9133C7302C16055500AE8F4A /* ScannerView.xib */ = {isa = PBXFileReference; lastKnownFileType = file.xib; path = ScannerView.xib; sourceTree = "<group>"; };
		9133C7342C16090000AE8F4A /* QrScanner.swift */ = {isa = PBXFileReference; lastKnownFileType = sourcecode.swift; path = QrScanner.swift; sourceTree = "<group>"; };
		9133C7362C16103700AE8F4A /* QrScanner.xib */ = {isa = PBXFileReference; lastKnownFileType = file.xib; path = QrScanner.xib; sourceTree = "<group>"; };
/* End PBXFileReference section */

/* Begin PBXFrameworksBuildPhase section */
		9133C6792C15B28800AE8F4A /* Frameworks */ = {
			isa = PBXFrameworksBuildPhase;
			buildActionMask = 2147483647;
			files = (
			);
			runOnlyForDeploymentPostprocessing = 0;
		};
/* End PBXFrameworksBuildPhase section */

/* Begin PBXGroup section */
		9133C6732C15B28800AE8F4A = {
			isa = PBXGroup;
			children = (
				9133C67E2C15B28800AE8F4A /* VEROTask */,
				9133C67D2C15B28800AE8F4A /* Products */,
			);
			sourceTree = "<group>";
		};
		9133C67D2C15B28800AE8F4A /* Products */ = {
			isa = PBXGroup;
			children = (
				9133C67C2C15B28800AE8F4A /* VEROTask.app */,
			);
			name = Products;
			sourceTree = "<group>";
		};
		9133C67E2C15B28800AE8F4A /* VEROTask */ = {
			isa = PBXGroup;
			children = (
				9133C70B2C15B7E600AE8F4A /* Modules */,
				9133C6992C15B63800AE8F4A /* Utilities */,
				9133C6932C15B63800AE8F4A /* Models */,
				9133C6C92C15B63800AE8F4A /* Network */,
				9133C6FD2C15B6FA00AE8F4A /* Settings */,
				9133C68A2C15B28D00AE8F4A /* LaunchScreen.storyboard */,
				9133C68D2C15B28D00AE8F4A /* Info.plist */,
			);
			path = VEROTask;
			sourceTree = "<group>";
		};
		9133C6932C15B63800AE8F4A /* Models */ = {
			isa = PBXGroup;
			children = (
				9133C72B2C15C5E300AE8F4A /* Request */,
				9133C6942C15B63800AE8F4A /* Response */,
			);
			path = Models;
			sourceTree = "<group>";
		};
		9133C6942C15B63800AE8F4A /* Response */ = {
			isa = PBXGroup;
			children = (
				9133C6972C15B63800AE8F4A /* ErrorResponse.swift */,
				9133C7232C15BD4A00AE8F4A /* LoginResponse.swift */,
				9133C7252C15BDEA00AE8F4A /* TaskResponse.swift */,
			);
			path = Response;
			sourceTree = "<group>";
		};
		9133C6992C15B63800AE8F4A /* Utilities */ = {
			isa = PBXGroup;
			children = (
				9133C69A2C15B63800AE8F4A /* Resources */,
				9133C6A02C15B63800AE8F4A /* Extensions */,
				9133C6A62C15B63800AE8F4A /* Components */,
				9133C6C62C15B63800AE8F4A /* Fonts.swift */,
				9133C6C72C15B63800AE8F4A /* Images.swift */,
			);
			path = Utilities;
			sourceTree = "<group>";
		};
		9133C69A2C15B63800AE8F4A /* Resources */ = {
			isa = PBXGroup;
			children = (
				9133C69B2C15B63800AE8F4A /* Assets.xcassets */,
				9133C69C2C15B63800AE8F4A /* Fonts */,
			);
			path = Resources;
			sourceTree = "<group>";
		};
		9133C69C2C15B63800AE8F4A /* Fonts */ = {
			isa = PBXGroup;
			children = (
				9133C69D2C15B63800AE8F4A /* NunitoSans-Regular.ttf */,
				9133C69E2C15B63800AE8F4A /* NunitoSans-Bold.ttf */,
				9133C69F2C15B63800AE8F4A /* NunitoSans-SemiBold.ttf */,
			);
			path = Fonts;
			sourceTree = "<group>";
		};
		9133C6A02C15B63800AE8F4A /* Extensions */ = {
			isa = PBXGroup;
			children = (
				9133C6A12C15B63800AE8F4A /* UIColor+Extension.swift */,
				9133C6A22C15B63800AE8F4A /* UIView+Extension.swift */,
				9133C6A32C15B63800AE8F4A /* UINavigationController+Extension.swift */,
				9133C6A52C15B63800AE8F4A /* ViewController+Extension.swift */,
			);
			path = Extensions;
			sourceTree = "<group>";
		};
		9133C6A62C15B63800AE8F4A /* Components */ = {
			isa = PBXGroup;
			children = (
				9133C7332C1608DA00AE8F4A /* Scanner */,
				9133C6A72C15B63800AE8F4A /* LoadingModal */,
				9133C6AB2C15B63800AE8F4A /* SearchInputView */,
				9133C6AE2C15B63800AE8F4A /* Labels */,
				9133C6B02C15B63800AE8F4A /* Slider */,
				9133C6B22C15B63800AE8F4A /* ListView */,
				9133C6B62C15B63800AE8F4A /* Button */,
				9133C6BD2C15B63800AE8F4A /* ImageDescriptionView */,
				9133C6C12C15B63800AE8F4A /* ProfileCard */,
				9133C6BC2C15B63800AE8F4A /* BaseXib.swift */,
			);
			path = Components;
			sourceTree = "<group>";
		};
		9133C6A72C15B63800AE8F4A /* LoadingModal */ = {
			isa = PBXGroup;
			children = (
				9133C6A82C15B63800AE8F4A /* LoadingModal.swift */,
				9133C6A92C15B63800AE8F4A /* Spinner.swift */,
				9133C6AA2C15B63800AE8F4A /* LoadingModal.xib */,
			);
			path = LoadingModal;
			sourceTree = "<group>";
		};
		9133C6AB2C15B63800AE8F4A /* SearchInputView */ = {
			isa = PBXGroup;
			children = (
				9133C6AD2C15B63800AE8F4A /* SearchInputView.swift */,
			);
			path = SearchInputView;
			sourceTree = "<group>";
		};
		9133C6AE2C15B63800AE8F4A /* Labels */ = {
			isa = PBXGroup;
			children = (
				9133C6AF2C15B63800AE8F4A /* AppLabel.swift */,
			);
			path = Labels;
			sourceTree = "<group>";
		};
		9133C6B02C15B63800AE8F4A /* Slider */ = {
			isa = PBXGroup;
			children = (
				9133C6B12C15B63800AE8F4A /* Slider.swift */,
			);
			path = Slider;
			sourceTree = "<group>";
		};
		9133C6B22C15B63800AE8F4A /* ListView */ = {
			isa = PBXGroup;
			children = (
				9133C6B32C15B63800AE8F4A /* ListView.swift */,
				9133C6B42C15B63800AE8F4A /* DynamicTableViewCell.swift */,
				9133C6B52C15B63800AE8F4A /* ListViewModel.swift */,
			);
			path = ListView;
			sourceTree = "<group>";
		};
		9133C6B62C15B63800AE8F4A /* Button */ = {
			isa = PBXGroup;
			children = (
				9133C6B72C15B63800AE8F4A /* PrimaryButton.swift */,
			);
			path = Button;
			sourceTree = "<group>";
		};
		9133C6BD2C15B63800AE8F4A /* ImageDescriptionView */ = {
			isa = PBXGroup;
			children = (
				9133C6BE2C15B63800AE8F4A /* ImageDescriptionView.swift */,
				9133C6BF2C15B63800AE8F4A /* ImageDescriptionView.xib */,
				9133C6C02C15B63800AE8F4A /* ImageDescriptionViewModel.swift */,
			);
			path = ImageDescriptionView;
			sourceTree = "<group>";
		};
		9133C6C12C15B63800AE8F4A /* ProfileCard */ = {
			isa = PBXGroup;
			children = (
				9133C6C22C15B63800AE8F4A /* ProfileCardView.swift */,
				9133C6C42C15B63800AE8F4A /* ProfileCardView.xib */,
				9133C6C52C15B63800AE8F4A /* ProfileCardViewModel.swift */,
			);
			path = ProfileCard;
			sourceTree = "<group>";
		};
		9133C6C92C15B63800AE8F4A /* Network */ = {
			isa = PBXGroup;
			children = (
				9133C6CA2C15B63800AE8F4A /* Service */,
				9133C6CE2C15B63800AE8F4A /* Base */,
			);
			path = Network;
			sourceTree = "<group>";
		};
		9133C6CA2C15B63800AE8F4A /* Service */ = {
			isa = PBXGroup;
			children = (
				9133C7202C15BCD800AE8F4A /* BauBuddyService */,
			);
			path = Service;
			sourceTree = "<group>";
		};
		9133C6CE2C15B63800AE8F4A /* Base */ = {
			isa = PBXGroup;
			children = (
				9133C6D12C15B63800AE8F4A /* HTTPClient.swift */,
			);
			path = Base;
			sourceTree = "<group>";
		};
		9133C6FD2C15B6FA00AE8F4A /* Settings */ = {
			isa = PBXGroup;
			children = (
				9133C6FE2C15B6FA00AE8F4A /* PropertyWrappers */,
				9133C7012C15B6FA00AE8F4A /* BaseViewController.swift */,
				9133C7022C15B6FA00AE8F4A /* AppStorage.swift */,
				9133C7032C15B6FA00AE8F4A /* AppDelegate.swift */,
				9133C7042C15B6FA00AE8F4A /* BaseNavigationController.swift */,
				9133C6C82C15B63800AE8F4A /* Coordinator.swift */,
			);
			path = Settings;
			sourceTree = "<group>";
		};
		9133C6FE2C15B6FA00AE8F4A /* PropertyWrappers */ = {
			isa = PBXGroup;
			children = (
				9133C6FF2C15B6FA00AE8F4A /* UserDefault.swift */,
			);
			path = PropertyWrappers;
			sourceTree = "<group>";
		};
		9133C70B2C15B7E600AE8F4A /* Modules */ = {
			isa = PBXGroup;
			children = (
				9133C7002C15B6FA00AE8F4A /* AppCoordinator.swift */,
				9133C70C2C15B7E600AE8F4A /* Welcome */,
				9133C7102C15B7E600AE8F4A /* TaskExplore */,
				9133C72E2C16050C00AE8F4A /* Scanner */,
			);
			path = Modules;
			sourceTree = "<group>";
		};
		9133C70C2C15B7E600AE8F4A /* Welcome */ = {
			isa = PBXGroup;
			children = (
				9133C70D2C15B7E600AE8F4A /* WelcomeViewController.swift */,
				9133C70E2C15B7E600AE8F4A /* WelcomeView.xib */,
				9133C7292C15C1BE00AE8F4A /* WelcomeViewModel.swift */,
			);
			path = Welcome;
			sourceTree = "<group>";
		};
		9133C7102C15B7E600AE8F4A /* TaskExplore */ = {
			isa = PBXGroup;
			children = (
				9133C7112C15B7E600AE8F4A /* TasksExploreViewController.swift */,
				9133C7162C15B7E600AE8F4A /* TasksExploreViewModel.swift */,
				9133C7122C15B7E600AE8F4A /* TasksExploreView.xib */,
			);
			path = TaskExplore;
			sourceTree = "<group>";
		};
		9133C7202C15BCD800AE8F4A /* BauBuddyService */ = {
			isa = PBXGroup;
			children = (
				9133C7212C15BCF900AE8F4A /* BauBuddyService.swift */,
				9133C7272C15BF8400AE8F4A /* BauBuddyServiceImpl.swift */,
			);
			path = BauBuddyService;
			sourceTree = "<group>";
		};
		9133C72B2C15C5E300AE8F4A /* Request */ = {
			isa = PBXGroup;
			children = (
				9133C72C2C15C5FA00AE8F4A /* LoginRequest.swift */,
			);
			path = Request;
			sourceTree = "<group>";
		};
		9133C72E2C16050C00AE8F4A /* Scanner */ = {
			isa = PBXGroup;
			children = (
				9133C72F2C16055500AE8F4A /* ScannerViewController.swift */,
				9133C7302C16055500AE8F4A /* ScannerView.xib */,
			);
			path = Scanner;
			sourceTree = "<group>";
		};
		9133C7332C1608DA00AE8F4A /* Scanner */ = {
			isa = PBXGroup;
			children = (
				9133C7342C16090000AE8F4A /* QrScanner.swift */,
				9133C7362C16103700AE8F4A /* QrScanner.xib */,
			);
			path = Scanner;
			sourceTree = "<group>";
		};
/* End PBXGroup section */

/* Begin PBXNativeTarget section */
		9133C67B2C15B28800AE8F4A /* VEROTask */ = {
			isa = PBXNativeTarget;
			buildConfigurationList = 9133C6902C15B28D00AE8F4A /* Build configuration list for PBXNativeTarget "VEROTask" */;
			buildPhases = (
				9133C6782C15B28800AE8F4A /* Sources */,
				9133C6792C15B28800AE8F4A /* Frameworks */,
				9133C67A2C15B28800AE8F4A /* Resources */,
			);
			buildRules = (
			);
			dependencies = (
			);
			name = VEROTask;
			productName = VEROTask;
			productReference = 9133C67C2C15B28800AE8F4A /* VEROTask.app */;
			productType = "com.apple.product-type.application";
		};
/* End PBXNativeTarget section */

/* Begin PBXProject section */
		9133C6742C15B28800AE8F4A /* Project object */ = {
			isa = PBXProject;
			attributes = {
				BuildIndependentTargetsInParallel = 1;
				LastSwiftUpdateCheck = 1500;
				LastUpgradeCheck = 1500;
				TargetAttributes = {
					9133C67B2C15B28800AE8F4A = {
						CreatedOnToolsVersion = 15.0;
					};
				};
			};
			buildConfigurationList = 9133C6772C15B28800AE8F4A /* Build configuration list for PBXProject "VEROTask" */;
			compatibilityVersion = "Xcode 14.0";
			developmentRegion = en;
			hasScannedForEncodings = 0;
			knownRegions = (
				en,
				Base,
			);
			mainGroup = 9133C6732C15B28800AE8F4A;
			productRefGroup = 9133C67D2C15B28800AE8F4A /* Products */;
			projectDirPath = "";
			projectRoot = "";
			targets = (
				9133C67B2C15B28800AE8F4A /* VEROTask */,
			);
		};
/* End PBXProject section */

/* Begin PBXResourcesBuildPhase section */
		9133C67A2C15B28800AE8F4A /* Resources */ = {
			isa = PBXResourcesBuildPhase;
			buildActionMask = 2147483647;
			files = (
				9133C68C2C15B28D00AE8F4A /* LaunchScreen.storyboard in Resources */,
				9133C7192C15B7E600AE8F4A /* WelcomeView.xib in Resources */,
				9133C6EF2C15B63800AE8F4A /* ImageDescriptionView.xib in Resources */,
				9133C6D72C15B63800AE8F4A /* NunitoSans-Regular.ttf in Resources */,
				9133C7322C16055500AE8F4A /* ScannerView.xib in Resources */,
				9133C6D82C15B63800AE8F4A /* NunitoSans-Bold.ttf in Resources */,
				9133C71B2C15B7E600AE8F4A /* TasksExploreView.xib in Resources */,
				9133C6E12C15B63800AE8F4A /* LoadingModal.xib in Resources */,
				9133C6F32C15B63800AE8F4A /* ProfileCardView.xib in Resources */,
				9133C6D62C15B63800AE8F4A /* Assets.xcassets in Resources */,
				9133C6D92C15B63800AE8F4A /* NunitoSans-SemiBold.ttf in Resources */,
				9133C7372C16103700AE8F4A /* QrScanner.xib in Resources */,
			);
			runOnlyForDeploymentPostprocessing = 0;
		};
/* End PBXResourcesBuildPhase section */

/* Begin PBXSourcesBuildPhase section */
		9133C6782C15B28800AE8F4A /* Sources */ = {
			isa = PBXSourcesBuildPhase;
			buildActionMask = 2147483647;
			files = (
				9133C6DA2C15B63800AE8F4A /* UIColor+Extension.swift in Sources */,
				9133C6D42C15B63800AE8F4A /* ErrorResponse.swift in Sources */,
				9133C7072C15B6FA00AE8F4A /* BaseViewController.swift in Sources */,
				9133C6DB2C15B63800AE8F4A /* UIView+Extension.swift in Sources */,
				9133C7222C15BCF900AE8F4A /* BauBuddyService.swift in Sources */,
				9133C6ED2C15B63800AE8F4A /* BaseXib.swift in Sources */,
				9133C6E02C15B63800AE8F4A /* Spinner.swift in Sources */,
				9133C7182C15B7E600AE8F4A /* WelcomeViewController.swift in Sources */,
				9133C6E62C15B63800AE8F4A /* ListView.swift in Sources */,
				9133C7062C15B6FA00AE8F4A /* AppCoordinator.swift in Sources */,
				9133C7312C16055500AE8F4A /* ScannerViewController.swift in Sources */,
				9133C7092C15B6FA00AE8F4A /* AppDelegate.swift in Sources */,
				9133C7052C15B6FA00AE8F4A /* UserDefault.swift in Sources */,
				9133C6E82C15B63800AE8F4A /* ListViewModel.swift in Sources */,
				9133C7082C15B6FA00AE8F4A /* AppStorage.swift in Sources */,
				9133C72A2C15C1BE00AE8F4A /* WelcomeViewModel.swift in Sources */,
				9133C7262C15BDEA00AE8F4A /* TaskResponse.swift in Sources */,
				9133C72D2C15C5FA00AE8F4A /* LoginRequest.swift in Sources */,
				9133C7352C16090000AE8F4A /* QrScanner.swift in Sources */,
				9133C6F72C15B63800AE8F4A /* Coordinator.swift in Sources */,
				9133C6F52C15B63800AE8F4A /* Fonts.swift in Sources */,
				9133C6E42C15B63800AE8F4A /* AppLabel.swift in Sources */,
				9133C6DF2C15B63800AE8F4A /* LoadingModal.swift in Sources */,
				9133C6F62C15B63800AE8F4A /* Images.swift in Sources */,
				9133C6FC2C15B63800AE8F4A /* HTTPClient.swift in Sources */,
				9133C71E2C15B7E600AE8F4A /* TasksExploreViewModel.swift in Sources */,
				9133C6DE2C15B63800AE8F4A /* ViewController+Extension.swift in Sources */,
				9133C71A2C15B7E600AE8F4A /* TasksExploreViewController.swift in Sources */,
				9133C6E52C15B63800AE8F4A /* Slider.swift in Sources */,
				9133C6F42C15B63800AE8F4A /* ProfileCardViewModel.swift in Sources */,
				9133C7242C15BD4A00AE8F4A /* LoginResponse.swift in Sources */,
				9133C6DC2C15B63800AE8F4A /* UINavigationController+Extension.swift in Sources */,
				9133C70A2C15B6FA00AE8F4A /* BaseNavigationController.swift in Sources */,
				9133C7282C15BF8400AE8F4A /* BauBuddyServiceImpl.swift in Sources */,
				9133C6E92C15B63800AE8F4A /* PrimaryButton.swift in Sources */,
				9133C6F12C15B63800AE8F4A /* ProfileCardView.swift in Sources */,
				9133C6E32C15B63800AE8F4A /* SearchInputView.swift in Sources */,
				9133C6EE2C15B63800AE8F4A /* ImageDescriptionView.swift in Sources */,
				9133C6E72C15B63800AE8F4A /* DynamicTableViewCell.swift in Sources */,
				9133C6F02C15B63800AE8F4A /* ImageDescriptionViewModel.swift in Sources */,
			);
			runOnlyForDeploymentPostprocessing = 0;
		};
/* End PBXSourcesBuildPhase section */

/* Begin PBXVariantGroup section */
		9133C68A2C15B28D00AE8F4A /* LaunchScreen.storyboard */ = {
			isa = PBXVariantGroup;
			children = (
				9133C68B2C15B28D00AE8F4A /* Base */,
			);
			name = LaunchScreen.storyboard;
			sourceTree = "<group>";
		};
/* End PBXVariantGroup section */

/* Begin XCBuildConfiguration section */
		9133C68E2C15B28D00AE8F4A /* Debug */ = {
			isa = XCBuildConfiguration;
			buildSettings = {
				ALWAYS_SEARCH_USER_PATHS = NO;
				ASSETCATALOG_COMPILER_GENERATE_SWIFT_ASSET_SYMBOL_EXTENSIONS = YES;
				CLANG_ANALYZER_NONNULL = YES;
				CLANG_ANALYZER_NUMBER_OBJECT_CONVERSION = YES_AGGRESSIVE;
				CLANG_CXX_LANGUAGE_STANDARD = "gnu++20";
				CLANG_ENABLE_MODULES = YES;
				CLANG_ENABLE_OBJC_ARC = YES;
				CLANG_ENABLE_OBJC_WEAK = YES;
				CLANG_WARN_BLOCK_CAPTURE_AUTORELEASING = YES;
				CLANG_WARN_BOOL_CONVERSION = YES;
				CLANG_WARN_COMMA = YES;
				CLANG_WARN_CONSTANT_CONVERSION = YES;
				CLANG_WARN_DEPRECATED_OBJC_IMPLEMENTATIONS = YES;
				CLANG_WARN_DIRECT_OBJC_ISA_USAGE = YES_ERROR;
				CLANG_WARN_DOCUMENTATION_COMMENTS = YES;
				CLANG_WARN_EMPTY_BODY = YES;
				CLANG_WARN_ENUM_CONVERSION = YES;
				CLANG_WARN_INFINITE_RECURSION = YES;
				CLANG_WARN_INT_CONVERSION = YES;
				CLANG_WARN_NON_LITERAL_NULL_CONVERSION = YES;
				CLANG_WARN_OBJC_IMPLICIT_RETAIN_SELF = YES;
				CLANG_WARN_OBJC_LITERAL_CONVERSION = YES;
				CLANG_WARN_OBJC_ROOT_CLASS = YES_ERROR;
				CLANG_WARN_QUOTED_INCLUDE_IN_FRAMEWORK_HEADER = YES;
				CLANG_WARN_RANGE_LOOP_ANALYSIS = YES;
				CLANG_WARN_STRICT_PROTOTYPES = YES;
				CLANG_WARN_SUSPICIOUS_MOVE = YES;
				CLANG_WARN_UNGUARDED_AVAILABILITY = YES_AGGRESSIVE;
				CLANG_WARN_UNREACHABLE_CODE = YES;
				CLANG_WARN__DUPLICATE_METHOD_MATCH = YES;
				COPY_PHASE_STRIP = NO;
				DEBUG_INFORMATION_FORMAT = dwarf;
				ENABLE_STRICT_OBJC_MSGSEND = YES;
				ENABLE_TESTABILITY = YES;
				ENABLE_USER_SCRIPT_SANDBOXING = YES;
				GCC_C_LANGUAGE_STANDARD = gnu17;
				GCC_DYNAMIC_NO_PIC = NO;
				GCC_NO_COMMON_BLOCKS = YES;
				GCC_OPTIMIZATION_LEVEL = 0;
				GCC_PREPROCESSOR_DEFINITIONS = (
					"DEBUG=1",
					"$(inherited)",
				);
				GCC_WARN_64_TO_32_BIT_CONVERSION = YES;
				GCC_WARN_ABOUT_RETURN_TYPE = YES_ERROR;
				GCC_WARN_UNDECLARED_SELECTOR = YES;
				GCC_WARN_UNINITIALIZED_AUTOS = YES_AGGRESSIVE;
				GCC_WARN_UNUSED_FUNCTION = YES;
				GCC_WARN_UNUSED_VARIABLE = YES;
				IPHONEOS_DEPLOYMENT_TARGET = 15.0;
				LOCALIZATION_PREFERS_STRING_CATALOGS = YES;
				MTL_ENABLE_DEBUG_INFO = INCLUDE_SOURCE;
				MTL_FAST_MATH = YES;
				ONLY_ACTIVE_ARCH = YES;
				SDKROOT = iphoneos;
				SWIFT_ACTIVE_COMPILATION_CONDITIONS = "DEBUG $(inherited)";
				SWIFT_OPTIMIZATION_LEVEL = "-Onone";
			};
			name = Debug;
		};
		9133C68F2C15B28D00AE8F4A /* Release */ = {
			isa = XCBuildConfiguration;
			buildSettings = {
				ALWAYS_SEARCH_USER_PATHS = NO;
				ASSETCATALOG_COMPILER_GENERATE_SWIFT_ASSET_SYMBOL_EXTENSIONS = YES;
				CLANG_ANALYZER_NONNULL = YES;
				CLANG_ANALYZER_NUMBER_OBJECT_CONVERSION = YES_AGGRESSIVE;
				CLANG_CXX_LANGUAGE_STANDARD = "gnu++20";
				CLANG_ENABLE_MODULES = YES;
				CLANG_ENABLE_OBJC_ARC = YES;
				CLANG_ENABLE_OBJC_WEAK = YES;
				CLANG_WARN_BLOCK_CAPTURE_AUTORELEASING = YES;
				CLANG_WARN_BOOL_CONVERSION = YES;
				CLANG_WARN_COMMA = YES;
				CLANG_WARN_CONSTANT_CONVERSION = YES;
				CLANG_WARN_DEPRECATED_OBJC_IMPLEMENTATIONS = YES;
				CLANG_WARN_DIRECT_OBJC_ISA_USAGE = YES_ERROR;
				CLANG_WARN_DOCUMENTATION_COMMENTS = YES;
				CLANG_WARN_EMPTY_BODY = YES;
				CLANG_WARN_ENUM_CONVERSION = YES;
				CLANG_WARN_INFINITE_RECURSION = YES;
				CLANG_WARN_INT_CONVERSION = YES;
				CLANG_WARN_NON_LITERAL_NULL_CONVERSION = YES;
				CLANG_WARN_OBJC_IMPLICIT_RETAIN_SELF = YES;
				CLANG_WARN_OBJC_LITERAL_CONVERSION = YES;
				CLANG_WARN_OBJC_ROOT_CLASS = YES_ERROR;
				CLANG_WARN_QUOTED_INCLUDE_IN_FRAMEWORK_HEADER = YES;
				CLANG_WARN_RANGE_LOOP_ANALYSIS = YES;
				CLANG_WARN_STRICT_PROTOTYPES = YES;
				CLANG_WARN_SUSPICIOUS_MOVE = YES;
				CLANG_WARN_UNGUARDED_AVAILABILITY = YES_AGGRESSIVE;
				CLANG_WARN_UNREACHABLE_CODE = YES;
				CLANG_WARN__DUPLICATE_METHOD_MATCH = YES;
				COPY_PHASE_STRIP = NO;
				DEBUG_INFORMATION_FORMAT = "dwarf-with-dsym";
				ENABLE_NS_ASSERTIONS = NO;
				ENABLE_STRICT_OBJC_MSGSEND = YES;
				ENABLE_USER_SCRIPT_SANDBOXING = YES;
				GCC_C_LANGUAGE_STANDARD = gnu17;
				GCC_NO_COMMON_BLOCKS = YES;
				GCC_WARN_64_TO_32_BIT_CONVERSION = YES;
				GCC_WARN_ABOUT_RETURN_TYPE = YES_ERROR;
				GCC_WARN_UNDECLARED_SELECTOR = YES;
				GCC_WARN_UNINITIALIZED_AUTOS = YES_AGGRESSIVE;
				GCC_WARN_UNUSED_FUNCTION = YES;
				GCC_WARN_UNUSED_VARIABLE = YES;
				IPHONEOS_DEPLOYMENT_TARGET = 15.0;
				LOCALIZATION_PREFERS_STRING_CATALOGS = YES;
				MTL_ENABLE_DEBUG_INFO = NO;
				MTL_FAST_MATH = YES;
				SDKROOT = iphoneos;
				SWIFT_COMPILATION_MODE = wholemodule;
				VALIDATE_PRODUCT = YES;
			};
			name = Release;
		};
		9133C6912C15B28D00AE8F4A /* Debug */ = {
			isa = XCBuildConfiguration;
			buildSettings = {
				ASSETCATALOG_COMPILER_APPICON_NAME = AppIcon;
				ASSETCATALOG_COMPILER_GLOBAL_ACCENT_COLOR_NAME = AccentColor;
				CODE_SIGN_STYLE = Automatic;
				CURRENT_PROJECT_VERSION = 1;
				DEVELOPMENT_TEAM = DKHF2AWXMS;
				GENERATE_INFOPLIST_FILE = YES;
				INFOPLIST_FILE = VEROTask/Info.plist;
				INFOPLIST_KEY_NSCameraUsageDescription = "Provide access to your camera for scanning";
				INFOPLIST_KEY_UIApplicationSupportsIndirectInputEvents = YES;
				INFOPLIST_KEY_UILaunchStoryboardName = LaunchScreen;
				INFOPLIST_KEY_UISupportedInterfaceOrientations = UIInterfaceOrientationPortrait;
				INFOPLIST_KEY_UIUserInterfaceStyle = Light;
				IPHONEOS_DEPLOYMENT_TARGET = 13.0;
				LD_RUNPATH_SEARCH_PATHS = (
					"$(inherited)",
					"@executable_path/Frameworks",
				);
				MARKETING_VERSION = 1.0;
				PRODUCT_BUNDLE_IDENTIFIER = com.vero.task.bright.VEROTask;
				PRODUCT_NAME = "$(TARGET_NAME)";
				SUPPORTED_PLATFORMS = "iphoneos iphonesimulator";
				SUPPORTS_MACCATALYST = NO;
				SUPPORTS_MAC_DESIGNED_FOR_IPHONE_IPAD = NO;
				SWIFT_EMIT_LOC_STRINGS = YES;
				SWIFT_VERSION = 5.0;
				TARGETED_DEVICE_FAMILY = "1,2";
			};
			name = Debug;
		};
		9133C6922C15B28D00AE8F4A /* Release */ = {
			isa = XCBuildConfiguration;
			buildSettings = {
				ASSETCATALOG_COMPILER_APPICON_NAME = AppIcon;
				ASSETCATALOG_COMPILER_GLOBAL_ACCENT_COLOR_NAME = AccentColor;
				CODE_SIGN_STYLE = Automatic;
				CURRENT_PROJECT_VERSION = 1;
				DEVELOPMENT_TEAM = DKHF2AWXMS;
				GENERATE_INFOPLIST_FILE = YES;
				INFOPLIST_FILE = VEROTask/Info.plist;
				INFOPLIST_KEY_NSCameraUsageDescription = "Provide access to your camera for scanning";
				INFOPLIST_KEY_UIApplicationSupportsIndirectInputEvents = YES;
				INFOPLIST_KEY_UILaunchStoryboardName = LaunchScreen;
				INFOPLIST_KEY_UISupportedInterfaceOrientations = UIInterfaceOrientationPortrait;
				INFOPLIST_KEY_UIUserInterfaceStyle = Light;
				IPHONEOS_DEPLOYMENT_TARGET = 13.0;
				LD_RUNPATH_SEARCH_PATHS = (
					"$(inherited)",
					"@executable_path/Frameworks",
				);
				MARKETING_VERSION = 1.0;
				PRODUCT_BUNDLE_IDENTIFIER = com.vero.task.bright.VEROTask;
				PRODUCT_NAME = "$(TARGET_NAME)";
				SUPPORTED_PLATFORMS = "iphoneos iphonesimulator";
				SUPPORTS_MACCATALYST = NO;
				SUPPORTS_MAC_DESIGNED_FOR_IPHONE_IPAD = NO;
				SWIFT_EMIT_LOC_STRINGS = YES;
				SWIFT_VERSION = 5.0;
				TARGETED_DEVICE_FAMILY = "1,2";
			};
			name = Release;
		};
/* End XCBuildConfiguration section */

/* Begin XCConfigurationList section */
		9133C6772C15B28800AE8F4A /* Build configuration list for PBXProject "VEROTask" */ = {
			isa = XCConfigurationList;
			buildConfigurations = (
				9133C68E2C15B28D00AE8F4A /* Debug */,
				9133C68F2C15B28D00AE8F4A /* Release */,
			);
			defaultConfigurationIsVisible = 0;
			defaultConfigurationName = Release;
		};
		9133C6902C15B28D00AE8F4A /* Build configuration list for PBXNativeTarget "VEROTask" */ = {
			isa = XCConfigurationList;
			buildConfigurations = (
				9133C6912C15B28D00AE8F4A /* Debug */,
				9133C6922C15B28D00AE8F4A /* Release */,
			);
			defaultConfigurationIsVisible = 0;
			defaultConfigurationName = Release;
		};
/* End XCConfigurationList section */
	};
	rootObject = 9133C6742C15B28800AE8F4A /* Project object */;
}
